
Microsoft Visual Studio Solution File, Format Version 12.00
# Visual Studio Version 16
VisualStudioVersion = 16.0.31911.196
MinimumVisualStudioVersion = 10.0.40219.1
Project("{9A19103F-16F7-4668-BE54-9A1E7A4F7556}") = "Sample_Astronaut", "Sample_Showcase\Sample_Astronaut.csproj", "{1BA09590-7C33-49ED-B8E3-E62AB3EC3B4B}"
EndProject
Global
	GlobalSection(SolutionConfigurationPlatforms) = preSolution
		Debug|Any CPU = Debug|Any CPU
		Release|Any CPU = Release|Any CPU
	EndGlobalSection
	GlobalSection(ProjectConfigurationPlatforms) = postSolution
		{1BA09590-7C33-49ED-B8E3-E62AB3EC3B4B}.Debug|Any CPU.ActiveCfg = Debug|Any CPU
		{1BA09590-7C33-49ED-B8E3-E62AB3EC3B4B}.Debug|Any CPU.Build.0 = Debug|Any CPU
		{1BA09590-7C33-49ED-B8E3-E62AB3EC3B4B}.Release|Any CPU.ActiveCfg = Release|Any CPU
		{1BA09590-7C33-49ED-B8E3-E62AB3EC3B4B}.Release|Any CPU.Build.0 = Release|Any CPU
	EndGlobalSection
	GlobalSection(SolutionProperties) = preSolution
		HideSolutionNode = FALSE
	EndGlobalSection
	GlobalSection(ExtensibilityGlobals) = postSolution
		SolutionGuid = {E8BF2F00-99DC-46C1-8A1B-6726C0AD566B}
	EndGlobalSection
EndGlobal
